
Microsoft Visual Studio Solution File, Format Version 12.00
Project("{FAE04EC0-301F-11D3-BF4B-00C04F79EFBC}") = "Aqua.Core", "Aqua.Core\Aqua.Core.csproj", "{74A74593-20CA-4C16-946E-B9AF538C3C78}"
EndProject
Project("{FAE04EC0-301F-11D3-BF4B-00C04F79EFBC}") = "Aqua.XamarinForms", "Aqua.XamarinForms\Aqua.XamarinForms.csproj", "{6ECAC11A-9F67-4BF1-8DD6-7572F9258B48}"
EndProject
Project("{FAE04EC0-301F-11D3-BF4B-00C04F79EFBC}") = "Aqua.XamarinForms.Autofac", "Aqua.XamarinForms.Autofac\Aqua.XamarinForms.Autofac.csproj", "{97C87F9B-1858-41A6-A447-F723A13285E0}"
EndProject
Project("{FAE04EC0-301F-11D3-BF4B-00C04F79EFBC}") = "XamarinFormsApp", "XamarinFormsApp\XamarinFormsApp\XamarinFormsApp.csproj", "{CE654A16-DEFF-4ED2-BC76-557CEF1760A7}"
EndProject
Project("{FAE04EC0-301F-11D3-BF4B-00C04F79EFBC}") = "XamarinFormsApp.Android", "XamarinFormsApp\XamarinFormsApp.Android\XamarinFormsApp.Android.csproj", "{43EE7A6D-28C9-4469-83A1-75E3882E2A2B}"
EndProject
Project("{FAE04EC0-301F-11D3-BF4B-00C04F79EFBC}") = "XamarinFormsApp.iOS", "XamarinFormsApp\XamarinFormsApp.iOS\XamarinFormsApp.iOS.csproj", "{24CE9FC1-EAD1-457D-808B-321F3B17672F}"
EndProject
Project("{FAE04EC0-301F-11D3-BF4B-00C04F79EFBC}") = "WpfApp", "WpfApp\WpfApp.csproj", "{18BF586F-4057-4706-8130-3527002B97F7}"
EndProject
Project("{FAE04EC0-301F-11D3-BF4B-00C04F79EFBC}") = "Aqua.Core.Tests", "Aqua.Core.Tests\Aqua.Core.Tests.csproj", "{4C09AC44-1EBA-4CBB-BFC5-C2A397EAA9BC}"
EndProject
Project("{2150E333-8FDC-42A3-9474-1A3956D46DE8}") = "Aqua.Core", "Aqua.Core", "{C526D226-2075-4D3E-B51A-31F43ACEFFAA}"
EndProject
Project("{2150E333-8FDC-42A3-9474-1A3956D46DE8}") = "Apps", "Apps", "{17F62914-65B1-4450-AD84-6201454562ED}"
EndProject
Project("{2150E333-8FDC-42A3-9474-1A3956D46DE8}") = "Wpf", "Wpf", "{E7BE340B-6269-446C-B942-A187F5D57A60}"
EndProject
Project("{2150E333-8FDC-42A3-9474-1A3956D46DE8}") = "XamarinForms", "XamarinForms", "{B5BD6BB4-151F-4E81-8C77-214B6B348078}"
EndProject
Project("{2150E333-8FDC-42A3-9474-1A3956D46DE8}") = "Aqua.Modules", "Aqua.Modules", "{4FDC9F74-C04E-4CDA-844E-1DE7AE90C106}"
EndProject
Project("{FAE04EC0-301F-11D3-BF4B-00C04F79EFBC}") = "Aqua.Wpf.Core", "Aqua.Wpf.Core\Aqua.Wpf.Core.csproj", "{CC34DC94-7DF6-4BD9-BD52-95240833A80A}"
EndProject
Project("{FAE04EC0-301F-11D3-BF4B-00C04F79EFBC}") = "Aqua.Wpf.Core.Tests", "Aqua.Wpf.Core.Tests\Aqua.Wpf.Core.Tests.csproj", "{CC99A9D5-623E-4003-99BE-4DCDC2FCCF79}"
EndProject
Project("{2150E333-8FDC-42A3-9474-1A3956D46DE8}") = "Aqua.Wpf.Core", "Aqua.Wpf.Core", "{9A7E57F5-1A4D-4F4E-9411-16B8EA3FEAEE}"
EndProject
Project("{FAE04EC0-301F-11D3-BF4B-00C04F79EFBC}") = "Aqua.XamarinForms.Core", "Aqua.XamarinForms.Core\Aqua.XamarinForms.Core.csproj", "{B1261364-1DC7-4E78-B5AF-46DD71F9F7DB}"
EndProject
Project("{FAE04EC0-301F-11D3-BF4B-00C04F79EFBC}") = "Aqua.XamarinForms.Core.Tests", "Aqua.XamarinForms.Core.Tests\Aqua.XamarinForms.Core.Tests.csproj", "{5F7CF853-2F60-4B86-BBA9-6EC832BBF456}"
EndProject
Project("{2150E333-8FDC-42A3-9474-1A3956D46DE8}") = "Aqua.XamarinForms.Core", "Aqua.XamarinForms.Core", "{2F1AF279-6A2A-44A8-A4A9-DFAB187C6137}"
EndProject
Global
	GlobalSection(SolutionConfigurationPlatforms) = preSolution
		Debug|Any CPU = Debug|Any CPU
		Release|Any CPU = Release|Any CPU
	EndGlobalSection
	GlobalSection(ProjectConfigurationPlatforms) = postSolution
		{74A74593-20CA-4C16-946E-B9AF538C3C78}.Debug|Any CPU.ActiveCfg = Debug|Any CPU
		{74A74593-20CA-4C16-946E-B9AF538C3C78}.Debug|Any CPU.Build.0 = Debug|Any CPU
		{74A74593-20CA-4C16-946E-B9AF538C3C78}.Release|Any CPU.ActiveCfg = Release|Any CPU
		{74A74593-20CA-4C16-946E-B9AF538C3C78}.Release|Any CPU.Build.0 = Release|Any CPU
		{6ECAC11A-9F67-4BF1-8DD6-7572F9258B48}.Debug|Any CPU.ActiveCfg = Debug|Any CPU
		{6ECAC11A-9F67-4BF1-8DD6-7572F9258B48}.Debug|Any CPU.Build.0 = Debug|Any CPU
		{6ECAC11A-9F67-4BF1-8DD6-7572F9258B48}.Release|Any CPU.ActiveCfg = Release|Any CPU
		{6ECAC11A-9F67-4BF1-8DD6-7572F9258B48}.Release|Any CPU.Build.0 = Release|Any CPU
		{97C87F9B-1858-41A6-A447-F723A13285E0}.Debug|Any CPU.ActiveCfg = Debug|Any CPU
		{97C87F9B-1858-41A6-A447-F723A13285E0}.Debug|Any CPU.Build.0 = Debug|Any CPU
		{97C87F9B-1858-41A6-A447-F723A13285E0}.Release|Any CPU.ActiveCfg = Release|Any CPU
		{97C87F9B-1858-41A6-A447-F723A13285E0}.Release|Any CPU.Build.0 = Release|Any CPU
		{CE654A16-DEFF-4ED2-BC76-557CEF1760A7}.Debug|Any CPU.ActiveCfg = Debug|Any CPU
		{CE654A16-DEFF-4ED2-BC76-557CEF1760A7}.Debug|Any CPU.Build.0 = Debug|Any CPU
		{CE654A16-DEFF-4ED2-BC76-557CEF1760A7}.Release|Any CPU.ActiveCfg = Release|Any CPU
		{CE654A16-DEFF-4ED2-BC76-557CEF1760A7}.Release|Any CPU.Build.0 = Release|Any CPU
		{43EE7A6D-28C9-4469-83A1-75E3882E2A2B}.Debug|Any CPU.ActiveCfg = Debug|Any CPU
		{43EE7A6D-28C9-4469-83A1-75E3882E2A2B}.Debug|Any CPU.Build.0 = Debug|Any CPU
		{43EE7A6D-28C9-4469-83A1-75E3882E2A2B}.Release|Any CPU.ActiveCfg = Release|Any CPU
		{43EE7A6D-28C9-4469-83A1-75E3882E2A2B}.Release|Any CPU.Build.0 = Release|Any CPU
		{24CE9FC1-EAD1-457D-808B-321F3B17672F}.Debug|Any CPU.ActiveCfg = Debug|iPhoneSimulator
		{24CE9FC1-EAD1-457D-808B-321F3B17672F}.Debug|Any CPU.Build.0 = Debug|iPhoneSimulator
		{24CE9FC1-EAD1-457D-808B-321F3B17672F}.Release|Any CPU.ActiveCfg = Release|iPhoneSimulator
		{24CE9FC1-EAD1-457D-808B-321F3B17672F}.Release|Any CPU.Build.0 = Release|iPhoneSimulator
		{18BF586F-4057-4706-8130-3527002B97F7}.Debug|Any CPU.ActiveCfg = Debug|Any CPU
		{18BF586F-4057-4706-8130-3527002B97F7}.Debug|Any CPU.Build.0 = Debug|Any CPU
		{18BF586F-4057-4706-8130-3527002B97F7}.Release|Any CPU.ActiveCfg = Release|Any CPU
		{18BF586F-4057-4706-8130-3527002B97F7}.Release|Any CPU.Build.0 = Release|Any CPU
		{4C09AC44-1EBA-4CBB-BFC5-C2A397EAA9BC}.Debug|Any CPU.ActiveCfg = Debug|Any CPU
		{4C09AC44-1EBA-4CBB-BFC5-C2A397EAA9BC}.Debug|Any CPU.Build.0 = Debug|Any CPU
		{4C09AC44-1EBA-4CBB-BFC5-C2A397EAA9BC}.Release|Any CPU.ActiveCfg = Release|Any CPU
		{4C09AC44-1EBA-4CBB-BFC5-C2A397EAA9BC}.Release|Any CPU.Build.0 = Release|Any CPU
		{CC34DC94-7DF6-4BD9-BD52-95240833A80A}.Debug|Any CPU.ActiveCfg = Debug|Any CPU
		{CC34DC94-7DF6-4BD9-BD52-95240833A80A}.Debug|Any CPU.Build.0 = Debug|Any CPU
		{CC34DC94-7DF6-4BD9-BD52-95240833A80A}.Release|Any CPU.ActiveCfg = Release|Any CPU
		{CC34DC94-7DF6-4BD9-BD52-95240833A80A}.Release|Any CPU.Build.0 = Release|Any CPU
		{CC99A9D5-623E-4003-99BE-4DCDC2FCCF79}.Debug|Any CPU.ActiveCfg = Debug|Any CPU
		{CC99A9D5-623E-4003-99BE-4DCDC2FCCF79}.Debug|Any CPU.Build.0 = Debug|Any CPU
		{CC99A9D5-623E-4003-99BE-4DCDC2FCCF79}.Release|Any CPU.ActiveCfg = Release|Any CPU
		{CC99A9D5-623E-4003-99BE-4DCDC2FCCF79}.Release|Any CPU.Build.0 = Release|Any CPU
		{B1261364-1DC7-4E78-B5AF-46DD71F9F7DB}.Debug|Any CPU.ActiveCfg = Debug|Any CPU
		{B1261364-1DC7-4E78-B5AF-46DD71F9F7DB}.Debug|Any CPU.Build.0 = Debug|Any CPU
		{B1261364-1DC7-4E78-B5AF-46DD71F9F7DB}.Release|Any CPU.ActiveCfg = Release|Any CPU
		{B1261364-1DC7-4E78-B5AF-46DD71F9F7DB}.Release|Any CPU.Build.0 = Release|Any CPU
		{5F7CF853-2F60-4B86-BBA9-6EC832BBF456}.Debug|Any CPU.ActiveCfg = Debug|Any CPU
		{5F7CF853-2F60-4B86-BBA9-6EC832BBF456}.Debug|Any CPU.Build.0 = Debug|Any CPU
		{5F7CF853-2F60-4B86-BBA9-6EC832BBF456}.Release|Any CPU.ActiveCfg = Release|Any CPU
		{5F7CF853-2F60-4B86-BBA9-6EC832BBF456}.Release|Any CPU.Build.0 = Release|Any CPU
	EndGlobalSection
	GlobalSection(NestedProjects) = preSolution
		{74A74593-20CA-4C16-946E-B9AF538C3C78} = {C526D226-2075-4D3E-B51A-31F43ACEFFAA}
		{4C09AC44-1EBA-4CBB-BFC5-C2A397EAA9BC} = {C526D226-2075-4D3E-B51A-31F43ACEFFAA}
		{E7BE340B-6269-446C-B942-A187F5D57A60} = {17F62914-65B1-4450-AD84-6201454562ED}
		{18BF586F-4057-4706-8130-3527002B97F7} = {E7BE340B-6269-446C-B942-A187F5D57A60}
		{B5BD6BB4-151F-4E81-8C77-214B6B348078} = {17F62914-65B1-4450-AD84-6201454562ED}
		{CE654A16-DEFF-4ED2-BC76-557CEF1760A7} = {B5BD6BB4-151F-4E81-8C77-214B6B348078}
		{43EE7A6D-28C9-4469-83A1-75E3882E2A2B} = {B5BD6BB4-151F-4E81-8C77-214B6B348078}
		{24CE9FC1-EAD1-457D-808B-321F3B17672F} = {B5BD6BB4-151F-4E81-8C77-214B6B348078}
		{6ECAC11A-9F67-4BF1-8DD6-7572F9258B48} = {4FDC9F74-C04E-4CDA-844E-1DE7AE90C106}
		{97C87F9B-1858-41A6-A447-F723A13285E0} = {4FDC9F74-C04E-4CDA-844E-1DE7AE90C106}
		{CC34DC94-7DF6-4BD9-BD52-95240833A80A} = {9A7E57F5-1A4D-4F4E-9411-16B8EA3FEAEE}
		{CC99A9D5-623E-4003-99BE-4DCDC2FCCF79} = {9A7E57F5-1A4D-4F4E-9411-16B8EA3FEAEE}
		{B1261364-1DC7-4E78-B5AF-46DD71F9F7DB} = {2F1AF279-6A2A-44A8-A4A9-DFAB187C6137}
		{5F7CF853-2F60-4B86-BBA9-6EC832BBF456} = {2F1AF279-6A2A-44A8-A4A9-DFAB187C6137}
	EndGlobalSection
EndGlobal
