
Microsoft Visual Studio Solution File, Format Version 12.00
Project("{2150E333-8FDC-42A3-9474-1A3956D46DE8}") = "Aqua.Core", "Aqua.Core", "{C526D226-2075-4D3E-B51A-31F43ACEFFAA}"
EndProject
Project("{2150E333-8FDC-42A3-9474-1A3956D46DE8}") = "Apps", "Apps", "{17F62914-65B1-4450-AD84-6201454562ED}"
EndProject
Project("{2150E333-8FDC-42A3-9474-1A3956D46DE8}") = "Wpf", "Wpf", "{E7BE340B-6269-446C-B942-A187F5D57A60}"
EndProject
Project("{2150E333-8FDC-42A3-9474-1A3956D46DE8}") = "XamarinForms", "XamarinForms", "{B5BD6BB4-151F-4E81-8C77-214B6B348078}"
EndProject
Project("{2150E333-8FDC-42A3-9474-1A3956D46DE8}") = "Aqua.Modules", "Aqua.Modules", "{4FDC9F74-C04E-4CDA-844E-1DE7AE90C106}"
EndProject
Project("{2150E333-8FDC-42A3-9474-1A3956D46DE8}") = "Aqua.Wpf.Core", "Aqua.Wpf.Core", "{9A7E57F5-1A4D-4F4E-9411-16B8EA3FEAEE}"
EndProject
Project("{2150E333-8FDC-42A3-9474-1A3956D46DE8}") = "Aqua.XamarinForms.Core", "Aqua.XamarinForms.Core", "{2F1AF279-6A2A-44A8-A4A9-DFAB187C6137}"
EndProject
Project("{FAE04EC0-301F-11D3-BF4B-00C04F79EFBC}") = "Aqua.Core", "Aqua.Core\Aqua.Core\Aqua.Core.csproj", "{340BF694-A598-496D-B76E-652DF6BB8EB1}"
EndProject
Project("{FAE04EC0-301F-11D3-BF4B-00C04F79EFBC}") = "Aqua.Core.Tests", "Aqua.Core\Aqua.Core.Tests\Aqua.Core.Tests.csproj", "{D96E814B-DC99-440B-B212-A12C9E766486}"
EndProject
Project("{FAE04EC0-301F-11D3-BF4B-00C04F79EFBC}") = "Aqua.Wpf.Core", "Aqua.Wpf.Core\Aqua.Wpf.Core\Aqua.Wpf.Core.csproj", "{EE6A235A-78FC-4400-9803-DBA2E8121030}"
EndProject
Project("{FAE04EC0-301F-11D3-BF4B-00C04F79EFBC}") = "Aqua.Wpf.Core.Tests", "Aqua.Wpf.Core\Aqua.Wpf.Core.Tests\Aqua.Wpf.Core.Tests.csproj", "{06565767-2455-4317-8E86-94E9BE54B634}"
EndProject
Project("{FAE04EC0-301F-11D3-BF4B-00C04F79EFBC}") = "Aqua.XamarinForms.Core", "Aqua.XamarinForms.Core\Aqua.XamarinForms.Core\Aqua.XamarinForms.Core.csproj", "{EB0C0869-7501-4E2D-8B36-C52A8683D661}"
EndProject
Project("{FAE04EC0-301F-11D3-BF4B-00C04F79EFBC}") = "Aqua.XamarinForms.Core.Tests", "Aqua.XamarinForms.Core\Aqua.XamarinForms.Core.Tests\Aqua.XamarinForms.Core.Tests.csproj", "{298A5FBF-0D54-4FE7-91EA-A5BE1BDDCA67}"
EndProject
Project("{2150E333-8FDC-42A3-9474-1A3956D46DE8}") = "Wpf", "Wpf", "{1487CC2F-976F-4C09-84D8-3B920B4A9293}"
EndProject
Project("{FAE04EC0-301F-11D3-BF4B-00C04F79EFBC}") = "Aqua.Wpf.Controls", "Aqua.Modules\Wpf\Aqua.Wpf.Controls\Aqua.Wpf.Controls.csproj", "{632703DC-3361-4977-98CC-916C2005D928}"
EndProject
Project("{2150E333-8FDC-42A3-9474-1A3956D46DE8}") = "XamarinForms", "XamarinForms", "{2B236CED-F7B3-4981-8E7D-E949EAC2C4B8}"
EndProject
Project("{FAE04EC0-301F-11D3-BF4B-00C04F79EFBC}") = "WpfApp", "Apps\Wpf\WpfApp\WpfApp.csproj", "{87B662C4-1FAA-4729-B8F3-580E41C1FCC9}"
EndProject
Project("{FAE04EC0-301F-11D3-BF4B-00C04F79EFBC}") = "XamarinFormsApp", "Apps\XamarinForms\XamarinFormsApp\XamarinFormsApp\XamarinFormsApp.csproj", "{8B6E15FE-5450-4E3B-B9F7-8F7219F904E9}"
EndProject
Project("{FAE04EC0-301F-11D3-BF4B-00C04F79EFBC}") = "XamarinFormsApp.Android", "Apps\XamarinForms\XamarinFormsApp\XamarinFormsApp.Android\XamarinFormsApp.Android.csproj", "{43EE7A6D-28C9-4469-83A1-75E3882E2A2B}"
EndProject
Project("{FAE04EC0-301F-11D3-BF4B-00C04F79EFBC}") = "XamarinFormsApp.iOS", "Apps\XamarinForms\XamarinFormsApp\XamarinFormsApp.iOS\XamarinFormsApp.iOS.csproj", "{24CE9FC1-EAD1-457D-808B-321F3B17672F}"
EndProject
Project("{FAE04EC0-301F-11D3-BF4B-00C04F79EFBC}") = "Aqua.XamarinForms.Controls", "Aqua.Modules\XamarinForms\Aqua.XamarinForms.Controls\Aqua.XamarinForms.Controls.csproj", "{933DFA82-D184-46D4-8B80-E3DDB42FA31F}"
EndProject
Project("{FAE04EC0-301F-11D3-BF4B-00C04F79EFBC}") = "Aqua.XamarinForms.Popup", "Aqua.Modules\XamarinForms\Aqua.XamarinForms.Popup\Aqua.XamarinForms.Popup.csproj", "{B5C50E3D-6AEF-4DE6-A972-E9CD552EB7D5}"
EndProject
Global
	GlobalSection(SolutionConfigurationPlatforms) = preSolution
		Debug|Any CPU = Debug|Any CPU
		Release|Any CPU = Release|Any CPU
	EndGlobalSection
	GlobalSection(ProjectConfigurationPlatforms) = postSolution
		{340BF694-A598-496D-B76E-652DF6BB8EB1}.Debug|Any CPU.ActiveCfg = Debug|Any CPU
		{340BF694-A598-496D-B76E-652DF6BB8EB1}.Debug|Any CPU.Build.0 = Debug|Any CPU
		{340BF694-A598-496D-B76E-652DF6BB8EB1}.Release|Any CPU.ActiveCfg = Release|Any CPU
		{340BF694-A598-496D-B76E-652DF6BB8EB1}.Release|Any CPU.Build.0 = Release|Any CPU
		{D96E814B-DC99-440B-B212-A12C9E766486}.Debug|Any CPU.ActiveCfg = Debug|Any CPU
		{D96E814B-DC99-440B-B212-A12C9E766486}.Debug|Any CPU.Build.0 = Debug|Any CPU
		{D96E814B-DC99-440B-B212-A12C9E766486}.Release|Any CPU.ActiveCfg = Release|Any CPU
		{D96E814B-DC99-440B-B212-A12C9E766486}.Release|Any CPU.Build.0 = Release|Any CPU
		{EE6A235A-78FC-4400-9803-DBA2E8121030}.Debug|Any CPU.ActiveCfg = Debug|Any CPU
		{EE6A235A-78FC-4400-9803-DBA2E8121030}.Debug|Any CPU.Build.0 = Debug|Any CPU
		{EE6A235A-78FC-4400-9803-DBA2E8121030}.Release|Any CPU.ActiveCfg = Release|Any CPU
		{EE6A235A-78FC-4400-9803-DBA2E8121030}.Release|Any CPU.Build.0 = Release|Any CPU
		{06565767-2455-4317-8E86-94E9BE54B634}.Debug|Any CPU.ActiveCfg = Debug|Any CPU
		{06565767-2455-4317-8E86-94E9BE54B634}.Debug|Any CPU.Build.0 = Debug|Any CPU
		{06565767-2455-4317-8E86-94E9BE54B634}.Release|Any CPU.ActiveCfg = Release|Any CPU
		{06565767-2455-4317-8E86-94E9BE54B634}.Release|Any CPU.Build.0 = Release|Any CPU
		{EB0C0869-7501-4E2D-8B36-C52A8683D661}.Debug|Any CPU.ActiveCfg = Debug|Any CPU
		{EB0C0869-7501-4E2D-8B36-C52A8683D661}.Debug|Any CPU.Build.0 = Debug|Any CPU
		{EB0C0869-7501-4E2D-8B36-C52A8683D661}.Release|Any CPU.ActiveCfg = Release|Any CPU
		{EB0C0869-7501-4E2D-8B36-C52A8683D661}.Release|Any CPU.Build.0 = Release|Any CPU
		{298A5FBF-0D54-4FE7-91EA-A5BE1BDDCA67}.Debug|Any CPU.ActiveCfg = Debug|Any CPU
		{298A5FBF-0D54-4FE7-91EA-A5BE1BDDCA67}.Debug|Any CPU.Build.0 = Debug|Any CPU
		{298A5FBF-0D54-4FE7-91EA-A5BE1BDDCA67}.Release|Any CPU.ActiveCfg = Release|Any CPU
		{298A5FBF-0D54-4FE7-91EA-A5BE1BDDCA67}.Release|Any CPU.Build.0 = Release|Any CPU
		{632703DC-3361-4977-98CC-916C2005D928}.Debug|Any CPU.ActiveCfg = Debug|Any CPU
		{632703DC-3361-4977-98CC-916C2005D928}.Debug|Any CPU.Build.0 = Debug|Any CPU
		{632703DC-3361-4977-98CC-916C2005D928}.Release|Any CPU.ActiveCfg = Release|Any CPU
		{632703DC-3361-4977-98CC-916C2005D928}.Release|Any CPU.Build.0 = Release|Any CPU
		{87B662C4-1FAA-4729-B8F3-580E41C1FCC9}.Debug|Any CPU.ActiveCfg = Debug|Any CPU
		{87B662C4-1FAA-4729-B8F3-580E41C1FCC9}.Debug|Any CPU.Build.0 = Debug|Any CPU
		{87B662C4-1FAA-4729-B8F3-580E41C1FCC9}.Release|Any CPU.ActiveCfg = Release|Any CPU
		{87B662C4-1FAA-4729-B8F3-580E41C1FCC9}.Release|Any CPU.Build.0 = Release|Any CPU
		{8B6E15FE-5450-4E3B-B9F7-8F7219F904E9}.Debug|Any CPU.ActiveCfg = Debug|Any CPU
		{8B6E15FE-5450-4E3B-B9F7-8F7219F904E9}.Debug|Any CPU.Build.0 = Debug|Any CPU
		{8B6E15FE-5450-4E3B-B9F7-8F7219F904E9}.Release|Any CPU.ActiveCfg = Release|Any CPU
		{8B6E15FE-5450-4E3B-B9F7-8F7219F904E9}.Release|Any CPU.Build.0 = Release|Any CPU
		{43EE7A6D-28C9-4469-83A1-75E3882E2A2B}.Debug|Any CPU.ActiveCfg = Debug|Any CPU
		{43EE7A6D-28C9-4469-83A1-75E3882E2A2B}.Debug|Any CPU.Build.0 = Debug|Any CPU
		{43EE7A6D-28C9-4469-83A1-75E3882E2A2B}.Release|Any CPU.ActiveCfg = Release|Any CPU
		{43EE7A6D-28C9-4469-83A1-75E3882E2A2B}.Release|Any CPU.Build.0 = Release|Any CPU
		{24CE9FC1-EAD1-457D-808B-321F3B17672F}.Debug|Any CPU.ActiveCfg = Debug|iPhoneSimulator
		{24CE9FC1-EAD1-457D-808B-321F3B17672F}.Debug|Any CPU.Build.0 = Debug|iPhoneSimulator
		{24CE9FC1-EAD1-457D-808B-321F3B17672F}.Release|Any CPU.ActiveCfg = Release|iPhoneSimulator
		{24CE9FC1-EAD1-457D-808B-321F3B17672F}.Release|Any CPU.Build.0 = Release|iPhoneSimulator
		{933DFA82-D184-46D4-8B80-E3DDB42FA31F}.Debug|Any CPU.ActiveCfg = Debug|Any CPU
		{933DFA82-D184-46D4-8B80-E3DDB42FA31F}.Debug|Any CPU.Build.0 = Debug|Any CPU
		{933DFA82-D184-46D4-8B80-E3DDB42FA31F}.Release|Any CPU.ActiveCfg = Release|Any CPU
		{933DFA82-D184-46D4-8B80-E3DDB42FA31F}.Release|Any CPU.Build.0 = Release|Any CPU
		{B5C50E3D-6AEF-4DE6-A972-E9CD552EB7D5}.Debug|Any CPU.ActiveCfg = Debug|Any CPU
		{B5C50E3D-6AEF-4DE6-A972-E9CD552EB7D5}.Debug|Any CPU.Build.0 = Debug|Any CPU
		{B5C50E3D-6AEF-4DE6-A972-E9CD552EB7D5}.Release|Any CPU.ActiveCfg = Release|Any CPU
		{B5C50E3D-6AEF-4DE6-A972-E9CD552EB7D5}.Release|Any CPU.Build.0 = Release|Any CPU
	EndGlobalSection
	GlobalSection(NestedProjects) = preSolution
		{E7BE340B-6269-446C-B942-A187F5D57A60} = {17F62914-65B1-4450-AD84-6201454562ED}
		{B5BD6BB4-151F-4E81-8C77-214B6B348078} = {17F62914-65B1-4450-AD84-6201454562ED}
		{340BF694-A598-496D-B76E-652DF6BB8EB1} = {C526D226-2075-4D3E-B51A-31F43ACEFFAA}
		{D96E814B-DC99-440B-B212-A12C9E766486} = {C526D226-2075-4D3E-B51A-31F43ACEFFAA}
		{EE6A235A-78FC-4400-9803-DBA2E8121030} = {9A7E57F5-1A4D-4F4E-9411-16B8EA3FEAEE}
		{06565767-2455-4317-8E86-94E9BE54B634} = {9A7E57F5-1A4D-4F4E-9411-16B8EA3FEAEE}
		{EB0C0869-7501-4E2D-8B36-C52A8683D661} = {2F1AF279-6A2A-44A8-A4A9-DFAB187C6137}
		{298A5FBF-0D54-4FE7-91EA-A5BE1BDDCA67} = {2F1AF279-6A2A-44A8-A4A9-DFAB187C6137}
		{1487CC2F-976F-4C09-84D8-3B920B4A9293} = {4FDC9F74-C04E-4CDA-844E-1DE7AE90C106}
		{632703DC-3361-4977-98CC-916C2005D928} = {1487CC2F-976F-4C09-84D8-3B920B4A9293}
		{2B236CED-F7B3-4981-8E7D-E949EAC2C4B8} = {4FDC9F74-C04E-4CDA-844E-1DE7AE90C106}
		{87B662C4-1FAA-4729-B8F3-580E41C1FCC9} = {E7BE340B-6269-446C-B942-A187F5D57A60}
		{8B6E15FE-5450-4E3B-B9F7-8F7219F904E9} = {B5BD6BB4-151F-4E81-8C77-214B6B348078}
		{43EE7A6D-28C9-4469-83A1-75E3882E2A2B} = {B5BD6BB4-151F-4E81-8C77-214B6B348078}
		{24CE9FC1-EAD1-457D-808B-321F3B17672F} = {B5BD6BB4-151F-4E81-8C77-214B6B348078}
		{933DFA82-D184-46D4-8B80-E3DDB42FA31F} = {2B236CED-F7B3-4981-8E7D-E949EAC2C4B8}
		{B5C50E3D-6AEF-4DE6-A972-E9CD552EB7D5} = {2B236CED-F7B3-4981-8E7D-E949EAC2C4B8}
	EndGlobalSection
EndGlobal
